
Microsoft Visual Studio Solution File, Format Version 12.00
# Visual Studio 14
VisualStudioVersion = 14.0.25420.1
MinimumVisualStudioVersion = 10.0.40219.1
Project("{FAE04EC0-301F-11D3-BF4B-00C04F79EFBC}") = "FamilyApp2", "FamilyApp2\FamilyApp2\FamilyApp2.csproj", "{F08EE621-E69C-4A14-83F0-DD6B3CB31A12}"
EndProject
Project("{FAE04EC0-301F-11D3-BF4B-00C04F79EFBC}") = "FamilyApp2.Droid", "FamilyApp2\FamilyApp2.Droid\FamilyApp2.Droid.csproj", "{05664A24-8D63-46FA-932B-39362299D361}"
EndProject
Project("{FAE04EC0-301F-11D3-BF4B-00C04F79EFBC}") = "FamilyApp2.iOS", "FamilyApp2\FamilyApp2.iOS\FamilyApp2.iOS.csproj", "{9552D420-5DB5-42FF-968B-AD9DD933A040}"
EndProject
Project("{FAE04EC0-301F-11D3-BF4B-00C04F79EFBC}") = "FamilyApp2.WinPhone", "FamilyApp2\FamilyApp2.WinPhone\FamilyApp2.WinPhone.csproj", "{38242259-172C-4119-A490-5571AE0E046F}"
EndProject
Project("{FAE04EC0-301F-11D3-BF4B-00C04F79EFBC}") = "FamilyApp2.UWP", "FamilyApp2\FamilyApp2.UWP\FamilyApp2.UWP.csproj", "{135A7B5C-0A46-4088-B6F6-B21EAAE69F08}"
EndProject
Project("{FAE04EC0-301F-11D3-BF4B-00C04F79EFBC}") = "FamilyApp2.Windows", "FamilyApp2\FamilyApp2.Windows\FamilyApp2.Windows.csproj", "{650EA26B-3591-4280-A869-5E5E0A49346F}"
EndProject
Global
	GlobalSection(SolutionConfigurationPlatforms) = preSolution
		Ad-Hoc|Any CPU = Ad-Hoc|Any CPU
		Ad-Hoc|ARM = Ad-Hoc|ARM
		Ad-Hoc|iPhone = Ad-Hoc|iPhone
		Ad-Hoc|iPhoneSimulator = Ad-Hoc|iPhoneSimulator
		Ad-Hoc|x64 = Ad-Hoc|x64
		Ad-Hoc|x86 = Ad-Hoc|x86
		AppStore|Any CPU = AppStore|Any CPU
		AppStore|ARM = AppStore|ARM
		AppStore|iPhone = AppStore|iPhone
		AppStore|iPhoneSimulator = AppStore|iPhoneSimulator
		AppStore|x64 = AppStore|x64
		AppStore|x86 = AppStore|x86
		Debug|Any CPU = Debug|Any CPU
		Debug|ARM = Debug|ARM
		Debug|iPhone = Debug|iPhone
		Debug|iPhoneSimulator = Debug|iPhoneSimulator
		Debug|x64 = Debug|x64
		Debug|x86 = Debug|x86
		Release|Any CPU = Release|Any CPU
		Release|ARM = Release|ARM
		Release|iPhone = Release|iPhone
		Release|iPhoneSimulator = Release|iPhoneSimulator
		Release|x64 = Release|x64
		Release|x86 = Release|x86
	EndGlobalSection
	GlobalSection(ProjectConfigurationPlatforms) = postSolution
		{F08EE621-E69C-4A14-83F0-DD6B3CB31A12}.Ad-Hoc|Any CPU.ActiveCfg = Release|Any CPU
		{F08EE621-E69C-4A14-83F0-DD6B3CB31A12}.Ad-Hoc|Any CPU.Build.0 = Release|Any CPU
		{F08EE621-E69C-4A14-83F0-DD6B3CB31A12}.Ad-Hoc|ARM.ActiveCfg = Release|Any CPU
		{F08EE621-E69C-4A14-83F0-DD6B3CB31A12}.Ad-Hoc|ARM.Build.0 = Release|Any CPU
		{F08EE621-E69C-4A14-83F0-DD6B3CB31A12}.Ad-Hoc|iPhone.ActiveCfg = Release|Any CPU
		{F08EE621-E69C-4A14-83F0-DD6B3CB31A12}.Ad-Hoc|iPhone.Build.0 = Release|Any CPU
		{F08EE621-E69C-4A14-83F0-DD6B3CB31A12}.Ad-Hoc|iPhoneSimulator.ActiveCfg = Release|Any CPU
		{F08EE621-E69C-4A14-83F0-DD6B3CB31A12}.Ad-Hoc|iPhoneSimulator.Build.0 = Release|Any CPU
		{F08EE621-E69C-4A14-83F0-DD6B3CB31A12}.Ad-Hoc|x64.ActiveCfg = Release|Any CPU
		{F08EE621-E69C-4A14-83F0-DD6B3CB31A12}.Ad-Hoc|x64.Build.0 = Release|Any CPU
		{F08EE621-E69C-4A14-83F0-DD6B3CB31A12}.Ad-Hoc|x86.ActiveCfg = Release|Any CPU
		{F08EE621-E69C-4A14-83F0-DD6B3CB31A12}.Ad-Hoc|x86.Build.0 = Release|Any CPU
		{F08EE621-E69C-4A14-83F0-DD6B3CB31A12}.AppStore|Any CPU.ActiveCfg = Release|Any CPU
		{F08EE621-E69C-4A14-83F0-DD6B3CB31A12}.AppStore|Any CPU.Build.0 = Release|Any CPU
		{F08EE621-E69C-4A14-83F0-DD6B3CB31A12}.AppStore|ARM.ActiveCfg = Release|Any CPU
		{F08EE621-E69C-4A14-83F0-DD6B3CB31A12}.AppStore|ARM.Build.0 = Release|Any CPU
		{F08EE621-E69C-4A14-83F0-DD6B3CB31A12}.AppStore|iPhone.ActiveCfg = Release|Any CPU
		{F08EE621-E69C-4A14-83F0-DD6B3CB31A12}.AppStore|iPhone.Build.0 = Release|Any CPU
		{F08EE621-E69C-4A14-83F0-DD6B3CB31A12}.AppStore|iPhoneSimulator.ActiveCfg = Release|Any CPU
		{F08EE621-E69C-4A14-83F0-DD6B3CB31A12}.AppStore|iPhoneSimulator.Build.0 = Release|Any CPU
		{F08EE621-E69C-4A14-83F0-DD6B3CB31A12}.AppStore|x64.ActiveCfg = Release|Any CPU
		{F08EE621-E69C-4A14-83F0-DD6B3CB31A12}.AppStore|x64.Build.0 = Release|Any CPU
		{F08EE621-E69C-4A14-83F0-DD6B3CB31A12}.AppStore|x86.ActiveCfg = Release|Any CPU
		{F08EE621-E69C-4A14-83F0-DD6B3CB31A12}.AppStore|x86.Build.0 = Release|Any CPU
		{F08EE621-E69C-4A14-83F0-DD6B3CB31A12}.Debug|Any CPU.ActiveCfg = Debug|Any CPU
		{F08EE621-E69C-4A14-83F0-DD6B3CB31A12}.Debug|Any CPU.Build.0 = Debug|Any CPU
		{F08EE621-E69C-4A14-83F0-DD6B3CB31A12}.Debug|ARM.ActiveCfg = Debug|Any CPU
		{F08EE621-E69C-4A14-83F0-DD6B3CB31A12}.Debug|ARM.Build.0 = Debug|Any CPU
		{F08EE621-E69C-4A14-83F0-DD6B3CB31A12}.Debug|iPhone.ActiveCfg = Debug|Any CPU
		{F08EE621-E69C-4A14-83F0-DD6B3CB31A12}.Debug|iPhone.Build.0 = Debug|Any CPU
		{F08EE621-E69C-4A14-83F0-DD6B3CB31A12}.Debug|iPhoneSimulator.ActiveCfg = Debug|Any CPU
		{F08EE621-E69C-4A14-83F0-DD6B3CB31A12}.Debug|iPhoneSimulator.Build.0 = Debug|Any CPU
		{F08EE621-E69C-4A14-83F0-DD6B3CB31A12}.Debug|x64.ActiveCfg = Debug|Any CPU
		{F08EE621-E69C-4A14-83F0-DD6B3CB31A12}.Debug|x64.Build.0 = Debug|Any CPU
		{F08EE621-E69C-4A14-83F0-DD6B3CB31A12}.Debug|x86.ActiveCfg = Debug|Any CPU
		{F08EE621-E69C-4A14-83F0-DD6B3CB31A12}.Debug|x86.Build.0 = Debug|Any CPU
		{F08EE621-E69C-4A14-83F0-DD6B3CB31A12}.Release|Any CPU.ActiveCfg = Release|Any CPU
		{F08EE621-E69C-4A14-83F0-DD6B3CB31A12}.Release|Any CPU.Build.0 = Release|Any CPU
		{F08EE621-E69C-4A14-83F0-DD6B3CB31A12}.Release|ARM.ActiveCfg = Release|Any CPU
		{F08EE621-E69C-4A14-83F0-DD6B3CB31A12}.Release|ARM.Build.0 = Release|Any CPU
		{F08EE621-E69C-4A14-83F0-DD6B3CB31A12}.Release|iPhone.ActiveCfg = Release|Any CPU
		{F08EE621-E69C-4A14-83F0-DD6B3CB31A12}.Release|iPhone.Build.0 = Release|Any CPU
		{F08EE621-E69C-4A14-83F0-DD6B3CB31A12}.Release|iPhoneSimulator.ActiveCfg = Release|Any CPU
		{F08EE621-E69C-4A14-83F0-DD6B3CB31A12}.Release|iPhoneSimulator.Build.0 = Release|Any CPU
		{F08EE621-E69C-4A14-83F0-DD6B3CB31A12}.Release|x64.ActiveCfg = Release|Any CPU
		{F08EE621-E69C-4A14-83F0-DD6B3CB31A12}.Release|x64.Build.0 = Release|Any CPU
		{F08EE621-E69C-4A14-83F0-DD6B3CB31A12}.Release|x86.ActiveCfg = Release|Any CPU
		{F08EE621-E69C-4A14-83F0-DD6B3CB31A12}.Release|x86.Build.0 = Release|Any CPU
		{05664A24-8D63-46FA-932B-39362299D361}.Ad-Hoc|Any CPU.ActiveCfg = Release|Any CPU
		{05664A24-8D63-46FA-932B-39362299D361}.Ad-Hoc|Any CPU.Build.0 = Release|Any CPU
		{05664A24-8D63-46FA-932B-39362299D361}.Ad-Hoc|Any CPU.Deploy.0 = Release|Any CPU
		{05664A24-8D63-46FA-932B-39362299D361}.Ad-Hoc|ARM.ActiveCfg = Release|Any CPU
		{05664A24-8D63-46FA-932B-39362299D361}.Ad-Hoc|ARM.Build.0 = Release|Any CPU
		{05664A24-8D63-46FA-932B-39362299D361}.Ad-Hoc|ARM.Deploy.0 = Release|Any CPU
		{05664A24-8D63-46FA-932B-39362299D361}.Ad-Hoc|iPhone.ActiveCfg = Release|Any CPU
		{05664A24-8D63-46FA-932B-39362299D361}.Ad-Hoc|iPhone.Build.0 = Release|Any CPU
		{05664A24-8D63-46FA-932B-39362299D361}.Ad-Hoc|iPhone.Deploy.0 = Release|Any CPU
		{05664A24-8D63-46FA-932B-39362299D361}.Ad-Hoc|iPhoneSimulator.ActiveCfg = Release|Any CPU
		{05664A24-8D63-46FA-932B-39362299D361}.Ad-Hoc|iPhoneSimulator.Build.0 = Release|Any CPU
		{05664A24-8D63-46FA-932B-39362299D361}.Ad-Hoc|iPhoneSimulator.Deploy.0 = Release|Any CPU
		{05664A24-8D63-46FA-932B-39362299D361}.Ad-Hoc|x64.ActiveCfg = Release|Any CPU
		{05664A24-8D63-46FA-932B-39362299D361}.Ad-Hoc|x64.Build.0 = Release|Any CPU
		{05664A24-8D63-46FA-932B-39362299D361}.Ad-Hoc|x64.Deploy.0 = Release|Any CPU
		{05664A24-8D63-46FA-932B-39362299D361}.Ad-Hoc|x86.ActiveCfg = Release|Any CPU
		{05664A24-8D63-46FA-932B-39362299D361}.Ad-Hoc|x86.Build.0 = Release|Any CPU
		{05664A24-8D63-46FA-932B-39362299D361}.Ad-Hoc|x86.Deploy.0 = Release|Any CPU
		{05664A24-8D63-46FA-932B-39362299D361}.AppStore|Any CPU.ActiveCfg = Release|Any CPU
		{05664A24-8D63-46FA-932B-39362299D361}.AppStore|Any CPU.Build.0 = Release|Any CPU
		{05664A24-8D63-46FA-932B-39362299D361}.AppStore|Any CPU.Deploy.0 = Release|Any CPU
		{05664A24-8D63-46FA-932B-39362299D361}.AppStore|ARM.ActiveCfg = Release|Any CPU
		{05664A24-8D63-46FA-932B-39362299D361}.AppStore|ARM.Build.0 = Release|Any CPU
		{05664A24-8D63-46FA-932B-39362299D361}.AppStore|ARM.Deploy.0 = Release|Any CPU
		{05664A24-8D63-46FA-932B-39362299D361}.AppStore|iPhone.ActiveCfg = Release|Any CPU
		{05664A24-8D63-46FA-932B-39362299D361}.AppStore|iPhone.Build.0 = Release|Any CPU
		{05664A24-8D63-46FA-932B-39362299D361}.AppStore|iPhone.Deploy.0 = Release|Any CPU
		{05664A24-8D63-46FA-932B-39362299D361}.AppStore|iPhoneSimulator.ActiveCfg = Release|Any CPU
		{05664A24-8D63-46FA-932B-39362299D361}.AppStore|iPhoneSimulator.Build.0 = Release|Any CPU
		{05664A24-8D63-46FA-932B-39362299D361}.AppStore|iPhoneSimulator.Deploy.0 = Release|Any CPU
		{05664A24-8D63-46FA-932B-39362299D361}.AppStore|x64.ActiveCfg = Release|Any CPU
		{05664A24-8D63-46FA-932B-39362299D361}.AppStore|x64.Build.0 = Release|Any CPU
		{05664A24-8D63-46FA-932B-39362299D361}.AppStore|x64.Deploy.0 = Release|Any CPU
		{05664A24-8D63-46FA-932B-39362299D361}.AppStore|x86.ActiveCfg = Release|Any CPU
		{05664A24-8D63-46FA-932B-39362299D361}.AppStore|x86.Build.0 = Release|Any CPU
		{05664A24-8D63-46FA-932B-39362299D361}.AppStore|x86.Deploy.0 = Release|Any CPU
		{05664A24-8D63-46FA-932B-39362299D361}.Debug|Any CPU.ActiveCfg = Debug|Any CPU
		{05664A24-8D63-46FA-932B-39362299D361}.Debug|Any CPU.Build.0 = Debug|Any CPU
		{05664A24-8D63-46FA-932B-39362299D361}.Debug|Any CPU.Deploy.0 = Debug|Any CPU
		{05664A24-8D63-46FA-932B-39362299D361}.Debug|ARM.ActiveCfg = Debug|Any CPU
		{05664A24-8D63-46FA-932B-39362299D361}.Debug|ARM.Build.0 = Debug|Any CPU
		{05664A24-8D63-46FA-932B-39362299D361}.Debug|ARM.Deploy.0 = Debug|Any CPU
		{05664A24-8D63-46FA-932B-39362299D361}.Debug|iPhone.ActiveCfg = Debug|Any CPU
		{05664A24-8D63-46FA-932B-39362299D361}.Debug|iPhone.Build.0 = Debug|Any CPU
		{05664A24-8D63-46FA-932B-39362299D361}.Debug|iPhone.Deploy.0 = Debug|Any CPU
		{05664A24-8D63-46FA-932B-39362299D361}.Debug|iPhoneSimulator.ActiveCfg = Debug|Any CPU
		{05664A24-8D63-46FA-932B-39362299D361}.Debug|iPhoneSimulator.Build.0 = Debug|Any CPU
		{05664A24-8D63-46FA-932B-39362299D361}.Debug|iPhoneSimulator.Deploy.0 = Debug|Any CPU
		{05664A24-8D63-46FA-932B-39362299D361}.Debug|x64.ActiveCfg = Debug|Any CPU
		{05664A24-8D63-46FA-932B-39362299D361}.Debug|x64.Build.0 = Debug|Any CPU
		{05664A24-8D63-46FA-932B-39362299D361}.Debug|x64.Deploy.0 = Debug|Any CPU
		{05664A24-8D63-46FA-932B-39362299D361}.Debug|x86.ActiveCfg = Debug|Any CPU
		{05664A24-8D63-46FA-932B-39362299D361}.Debug|x86.Build.0 = Debug|Any CPU
		{05664A24-8D63-46FA-932B-39362299D361}.Debug|x86.Deploy.0 = Debug|Any CPU
		{05664A24-8D63-46FA-932B-39362299D361}.Release|Any CPU.ActiveCfg = Release|Any CPU
		{05664A24-8D63-46FA-932B-39362299D361}.Release|Any CPU.Build.0 = Release|Any CPU
		{05664A24-8D63-46FA-932B-39362299D361}.Release|Any CPU.Deploy.0 = Release|Any CPU
		{05664A24-8D63-46FA-932B-39362299D361}.Release|ARM.ActiveCfg = Release|Any CPU
		{05664A24-8D63-46FA-932B-39362299D361}.Release|ARM.Build.0 = Release|Any CPU
		{05664A24-8D63-46FA-932B-39362299D361}.Release|ARM.Deploy.0 = Release|Any CPU
		{05664A24-8D63-46FA-932B-39362299D361}.Release|iPhone.ActiveCfg = Release|Any CPU
		{05664A24-8D63-46FA-932B-39362299D361}.Release|iPhone.Build.0 = Release|Any CPU
		{05664A24-8D63-46FA-932B-39362299D361}.Release|iPhone.Deploy.0 = Release|Any CPU
		{05664A24-8D63-46FA-932B-39362299D361}.Release|iPhoneSimulator.ActiveCfg = Release|Any CPU
		{05664A24-8D63-46FA-932B-39362299D361}.Release|iPhoneSimulator.Build.0 = Release|Any CPU
		{05664A24-8D63-46FA-932B-39362299D361}.Release|iPhoneSimulator.Deploy.0 = Release|Any CPU
		{05664A24-8D63-46FA-932B-39362299D361}.Release|x64.ActiveCfg = Release|Any CPU
		{05664A24-8D63-46FA-932B-39362299D361}.Release|x64.Build.0 = Release|Any CPU
		{05664A24-8D63-46FA-932B-39362299D361}.Release|x64.Deploy.0 = Release|Any CPU
		{05664A24-8D63-46FA-932B-39362299D361}.Release|x86.ActiveCfg = Release|Any CPU
		{05664A24-8D63-46FA-932B-39362299D361}.Release|x86.Build.0 = Release|Any CPU
		{05664A24-8D63-46FA-932B-39362299D361}.Release|x86.Deploy.0 = Release|Any CPU
		{9552D420-5DB5-42FF-968B-AD9DD933A040}.Ad-Hoc|Any CPU.ActiveCfg = Ad-Hoc|iPhone
		{9552D420-5DB5-42FF-968B-AD9DD933A040}.Ad-Hoc|ARM.ActiveCfg = Ad-Hoc|iPhone
		{9552D420-5DB5-42FF-968B-AD9DD933A040}.Ad-Hoc|iPhone.ActiveCfg = Ad-Hoc|iPhone
		{9552D420-5DB5-42FF-968B-AD9DD933A040}.Ad-Hoc|iPhone.Build.0 = Ad-Hoc|iPhone
		{9552D420-5DB5-42FF-968B-AD9DD933A040}.Ad-Hoc|iPhoneSimulator.ActiveCfg = Ad-Hoc|iPhoneSimulator
		{9552D420-5DB5-42FF-968B-AD9DD933A040}.Ad-Hoc|iPhoneSimulator.Build.0 = Ad-Hoc|iPhoneSimulator
		{9552D420-5DB5-42FF-968B-AD9DD933A040}.Ad-Hoc|x64.ActiveCfg = Ad-Hoc|iPhone
		{9552D420-5DB5-42FF-968B-AD9DD933A040}.Ad-Hoc|x86.ActiveCfg = Ad-Hoc|iPhone
		{9552D420-5DB5-42FF-968B-AD9DD933A040}.AppStore|Any CPU.ActiveCfg = AppStore|iPhone
		{9552D420-5DB5-42FF-968B-AD9DD933A040}.AppStore|ARM.ActiveCfg = AppStore|iPhone
		{9552D420-5DB5-42FF-968B-AD9DD933A040}.AppStore|iPhone.ActiveCfg = AppStore|iPhone
		{9552D420-5DB5-42FF-968B-AD9DD933A040}.AppStore|iPhone.Build.0 = AppStore|iPhone
		{9552D420-5DB5-42FF-968B-AD9DD933A040}.AppStore|iPhoneSimulator.ActiveCfg = AppStore|iPhoneSimulator
		{9552D420-5DB5-42FF-968B-AD9DD933A040}.AppStore|iPhoneSimulator.Build.0 = AppStore|iPhoneSimulator
		{9552D420-5DB5-42FF-968B-AD9DD933A040}.AppStore|x64.ActiveCfg = AppStore|iPhone
		{9552D420-5DB5-42FF-968B-AD9DD933A040}.AppStore|x86.ActiveCfg = AppStore|iPhone
		{9552D420-5DB5-42FF-968B-AD9DD933A040}.Debug|Any CPU.ActiveCfg = Debug|iPhone
		{9552D420-5DB5-42FF-968B-AD9DD933A040}.Debug|ARM.ActiveCfg = Debug|iPhone
		{9552D420-5DB5-42FF-968B-AD9DD933A040}.Debug|iPhone.ActiveCfg = Debug|iPhone
		{9552D420-5DB5-42FF-968B-AD9DD933A040}.Debug|iPhone.Build.0 = Debug|iPhone
		{9552D420-5DB5-42FF-968B-AD9DD933A040}.Debug|iPhoneSimulator.ActiveCfg = Debug|iPhoneSimulator
		{9552D420-5DB5-42FF-968B-AD9DD933A040}.Debug|iPhoneSimulator.Build.0 = Debug|iPhoneSimulator
		{9552D420-5DB5-42FF-968B-AD9DD933A040}.Debug|x64.ActiveCfg = Debug|iPhone
		{9552D420-5DB5-42FF-968B-AD9DD933A040}.Debug|x86.ActiveCfg = Debug|iPhone
		{9552D420-5DB5-42FF-968B-AD9DD933A040}.Release|Any CPU.ActiveCfg = Release|iPhone
		{9552D420-5DB5-42FF-968B-AD9DD933A040}.Release|ARM.ActiveCfg = Release|iPhone
		{9552D420-5DB5-42FF-968B-AD9DD933A040}.Release|iPhone.ActiveCfg = Release|iPhone
		{9552D420-5DB5-42FF-968B-AD9DD933A040}.Release|iPhone.Build.0 = Release|iPhone
		{9552D420-5DB5-42FF-968B-AD9DD933A040}.Release|iPhoneSimulator.ActiveCfg = Release|iPhoneSimulator
		{9552D420-5DB5-42FF-968B-AD9DD933A040}.Release|iPhoneSimulator.Build.0 = Release|iPhoneSimulator
		{9552D420-5DB5-42FF-968B-AD9DD933A040}.Release|x64.ActiveCfg = Release|iPhone
		{9552D420-5DB5-42FF-968B-AD9DD933A040}.Release|x86.ActiveCfg = Release|iPhone
		{38242259-172C-4119-A490-5571AE0E046F}.Ad-Hoc|Any CPU.ActiveCfg = Release|Any CPU
		{38242259-172C-4119-A490-5571AE0E046F}.Ad-Hoc|Any CPU.Build.0 = Release|Any CPU
		{38242259-172C-4119-A490-5571AE0E046F}.Ad-Hoc|Any CPU.Deploy.0 = Release|Any CPU
		{38242259-172C-4119-A490-5571AE0E046F}.Ad-Hoc|ARM.ActiveCfg = Release|ARM
		{38242259-172C-4119-A490-5571AE0E046F}.Ad-Hoc|ARM.Build.0 = Release|ARM
		{38242259-172C-4119-A490-5571AE0E046F}.Ad-Hoc|ARM.Deploy.0 = Release|ARM
		{38242259-172C-4119-A490-5571AE0E046F}.Ad-Hoc|iPhone.ActiveCfg = Release|Any CPU
		{38242259-172C-4119-A490-5571AE0E046F}.Ad-Hoc|iPhone.Build.0 = Release|Any CPU
		{38242259-172C-4119-A490-5571AE0E046F}.Ad-Hoc|iPhone.Deploy.0 = Release|Any CPU
		{38242259-172C-4119-A490-5571AE0E046F}.Ad-Hoc|iPhoneSimulator.ActiveCfg = Release|Any CPU
		{38242259-172C-4119-A490-5571AE0E046F}.Ad-Hoc|iPhoneSimulator.Build.0 = Release|Any CPU
		{38242259-172C-4119-A490-5571AE0E046F}.Ad-Hoc|iPhoneSimulator.Deploy.0 = Release|Any CPU
		{38242259-172C-4119-A490-5571AE0E046F}.Ad-Hoc|x64.ActiveCfg = Release|Any CPU
		{38242259-172C-4119-A490-5571AE0E046F}.Ad-Hoc|x64.Build.0 = Release|Any CPU
		{38242259-172C-4119-A490-5571AE0E046F}.Ad-Hoc|x64.Deploy.0 = Release|Any CPU
		{38242259-172C-4119-A490-5571AE0E046F}.Ad-Hoc|x86.ActiveCfg = Release|x86
		{38242259-172C-4119-A490-5571AE0E046F}.Ad-Hoc|x86.Build.0 = Release|x86
		{38242259-172C-4119-A490-5571AE0E046F}.Ad-Hoc|x86.Deploy.0 = Release|x86
		{38242259-172C-4119-A490-5571AE0E046F}.AppStore|Any CPU.ActiveCfg = Release|Any CPU
		{38242259-172C-4119-A490-5571AE0E046F}.AppStore|Any CPU.Build.0 = Release|Any CPU
		{38242259-172C-4119-A490-5571AE0E046F}.AppStore|Any CPU.Deploy.0 = Release|Any CPU
		{38242259-172C-4119-A490-5571AE0E046F}.AppStore|ARM.ActiveCfg = Release|ARM
		{38242259-172C-4119-A490-5571AE0E046F}.AppStore|ARM.Build.0 = Release|ARM
		{38242259-172C-4119-A490-5571AE0E046F}.AppStore|ARM.Deploy.0 = Release|ARM
		{38242259-172C-4119-A490-5571AE0E046F}.AppStore|iPhone.ActiveCfg = Release|Any CPU
		{38242259-172C-4119-A490-5571AE0E046F}.AppStore|iPhone.Build.0 = Release|Any CPU
		{38242259-172C-4119-A490-5571AE0E046F}.AppStore|iPhone.Deploy.0 = Release|Any CPU
		{38242259-172C-4119-A490-5571AE0E046F}.AppStore|iPhoneSimulator.ActiveCfg = Release|Any CPU
		{38242259-172C-4119-A490-5571AE0E046F}.AppStore|iPhoneSimulator.Build.0 = Release|Any CPU
		{38242259-172C-4119-A490-5571AE0E046F}.AppStore|iPhoneSimulator.Deploy.0 = Release|Any CPU
		{38242259-172C-4119-A490-5571AE0E046F}.AppStore|x64.ActiveCfg = Release|Any CPU
		{38242259-172C-4119-A490-5571AE0E046F}.AppStore|x64.Build.0 = Release|Any CPU
		{38242259-172C-4119-A490-5571AE0E046F}.AppStore|x64.Deploy.0 = Release|Any CPU
		{38242259-172C-4119-A490-5571AE0E046F}.AppStore|x86.ActiveCfg = Release|x86
		{38242259-172C-4119-A490-5571AE0E046F}.AppStore|x86.Build.0 = Release|x86
		{38242259-172C-4119-A490-5571AE0E046F}.AppStore|x86.Deploy.0 = Release|x86
		{38242259-172C-4119-A490-5571AE0E046F}.Debug|Any CPU.ActiveCfg = Debug|Any CPU
		{38242259-172C-4119-A490-5571AE0E046F}.Debug|Any CPU.Build.0 = Debug|Any CPU
		{38242259-172C-4119-A490-5571AE0E046F}.Debug|Any CPU.Deploy.0 = Debug|Any CPU
		{38242259-172C-4119-A490-5571AE0E046F}.Debug|ARM.ActiveCfg = Debug|ARM
		{38242259-172C-4119-A490-5571AE0E046F}.Debug|ARM.Build.0 = Debug|ARM
		{38242259-172C-4119-A490-5571AE0E046F}.Debug|ARM.Deploy.0 = Debug|ARM
		{38242259-172C-4119-A490-5571AE0E046F}.Debug|iPhone.ActiveCfg = Debug|Any CPU
		{38242259-172C-4119-A490-5571AE0E046F}.Debug|iPhone.Build.0 = Debug|Any CPU
		{38242259-172C-4119-A490-5571AE0E046F}.Debug|iPhone.Deploy.0 = Debug|Any CPU
		{38242259-172C-4119-A490-5571AE0E046F}.Debug|iPhoneSimulator.ActiveCfg = Debug|Any CPU
		{38242259-172C-4119-A490-5571AE0E046F}.Debug|iPhoneSimulator.Build.0 = Debug|Any CPU
		{38242259-172C-4119-A490-5571AE0E046F}.Debug|iPhoneSimulator.Deploy.0 = Debug|Any CPU
		{38242259-172C-4119-A490-5571AE0E046F}.Debug|x64.ActiveCfg = Debug|Any CPU
		{38242259-172C-4119-A490-5571AE0E046F}.Debug|x64.Build.0 = Debug|Any CPU
		{38242259-172C-4119-A490-5571AE0E046F}.Debug|x64.Deploy.0 = Debug|Any CPU
		{38242259-172C-4119-A490-5571AE0E046F}.Debug|x86.ActiveCfg = Debug|x86
		{38242259-172C-4119-A490-5571AE0E046F}.Debug|x86.Build.0 = Debug|x86
		{38242259-172C-4119-A490-5571AE0E046F}.Debug|x86.Deploy.0 = Debug|x86
		{38242259-172C-4119-A490-5571AE0E046F}.Release|Any CPU.ActiveCfg = Release|Any CPU
		{38242259-172C-4119-A490-5571AE0E046F}.Release|Any CPU.Build.0 = Release|Any CPU
		{38242259-172C-4119-A490-5571AE0E046F}.Release|Any CPU.Deploy.0 = Release|Any CPU
		{38242259-172C-4119-A490-5571AE0E046F}.Release|ARM.ActiveCfg = Release|ARM
		{38242259-172C-4119-A490-5571AE0E046F}.Release|ARM.Build.0 = Release|ARM
		{38242259-172C-4119-A490-5571AE0E046F}.Release|ARM.Deploy.0 = Release|ARM
		{38242259-172C-4119-A490-5571AE0E046F}.Release|iPhone.ActiveCfg = Release|Any CPU
		{38242259-172C-4119-A490-5571AE0E046F}.Release|iPhone.Build.0 = Release|Any CPU
		{38242259-172C-4119-A490-5571AE0E046F}.Release|iPhone.Deploy.0 = Release|Any CPU
		{38242259-172C-4119-A490-5571AE0E046F}.Release|iPhoneSimulator.ActiveCfg = Release|Any CPU
		{38242259-172C-4119-A490-5571AE0E046F}.Release|iPhoneSimulator.Build.0 = Release|Any CPU
		{38242259-172C-4119-A490-5571AE0E046F}.Release|iPhoneSimulator.Deploy.0 = Release|Any CPU
		{38242259-172C-4119-A490-5571AE0E046F}.Release|x64.ActiveCfg = Release|Any CPU
		{38242259-172C-4119-A490-5571AE0E046F}.Release|x64.Build.0 = Release|Any CPU
		{38242259-172C-4119-A490-5571AE0E046F}.Release|x64.Deploy.0 = Release|Any CPU
		{38242259-172C-4119-A490-5571AE0E046F}.Release|x86.ActiveCfg = Release|x86
		{38242259-172C-4119-A490-5571AE0E046F}.Release|x86.Build.0 = Release|x86
		{38242259-172C-4119-A490-5571AE0E046F}.Release|x86.Deploy.0 = Release|x86
		{135A7B5C-0A46-4088-B6F6-B21EAAE69F08}.Ad-Hoc|Any CPU.ActiveCfg = Release|x86
		{135A7B5C-0A46-4088-B6F6-B21EAAE69F08}.Ad-Hoc|Any CPU.Build.0 = Release|x86
		{135A7B5C-0A46-4088-B6F6-B21EAAE69F08}.Ad-Hoc|Any CPU.Deploy.0 = Release|x86
		{135A7B5C-0A46-4088-B6F6-B21EAAE69F08}.Ad-Hoc|ARM.ActiveCfg = Release|ARM
		{135A7B5C-0A46-4088-B6F6-B21EAAE69F08}.Ad-Hoc|ARM.Build.0 = Release|ARM
		{135A7B5C-0A46-4088-B6F6-B21EAAE69F08}.Ad-Hoc|ARM.Deploy.0 = Release|ARM
		{135A7B5C-0A46-4088-B6F6-B21EAAE69F08}.Ad-Hoc|iPhone.ActiveCfg = Release|x86
		{135A7B5C-0A46-4088-B6F6-B21EAAE69F08}.Ad-Hoc|iPhone.Build.0 = Release|x86
		{135A7B5C-0A46-4088-B6F6-B21EAAE69F08}.Ad-Hoc|iPhone.Deploy.0 = Release|x86
		{135A7B5C-0A46-4088-B6F6-B21EAAE69F08}.Ad-Hoc|iPhoneSimulator.ActiveCfg = Release|x86
		{135A7B5C-0A46-4088-B6F6-B21EAAE69F08}.Ad-Hoc|iPhoneSimulator.Build.0 = Release|x86
		{135A7B5C-0A46-4088-B6F6-B21EAAE69F08}.Ad-Hoc|iPhoneSimulator.Deploy.0 = Release|x86
		{135A7B5C-0A46-4088-B6F6-B21EAAE69F08}.Ad-Hoc|x64.ActiveCfg = Release|x64
		{135A7B5C-0A46-4088-B6F6-B21EAAE69F08}.Ad-Hoc|x64.Build.0 = Release|x64
		{135A7B5C-0A46-4088-B6F6-B21EAAE69F08}.Ad-Hoc|x64.Deploy.0 = Release|x64
		{135A7B5C-0A46-4088-B6F6-B21EAAE69F08}.Ad-Hoc|x86.ActiveCfg = Release|x86
		{135A7B5C-0A46-4088-B6F6-B21EAAE69F08}.Ad-Hoc|x86.Build.0 = Release|x86
		{135A7B5C-0A46-4088-B6F6-B21EAAE69F08}.Ad-Hoc|x86.Deploy.0 = Release|x86
		{135A7B5C-0A46-4088-B6F6-B21EAAE69F08}.AppStore|Any CPU.ActiveCfg = Release|x86
		{135A7B5C-0A46-4088-B6F6-B21EAAE69F08}.AppStore|Any CPU.Build.0 = Release|x86
		{135A7B5C-0A46-4088-B6F6-B21EAAE69F08}.AppStore|Any CPU.Deploy.0 = Release|x86
		{135A7B5C-0A46-4088-B6F6-B21EAAE69F08}.AppStore|ARM.ActiveCfg = Release|ARM
		{135A7B5C-0A46-4088-B6F6-B21EAAE69F08}.AppStore|ARM.Build.0 = Release|ARM
		{135A7B5C-0A46-4088-B6F6-B21EAAE69F08}.AppStore|ARM.Deploy.0 = Release|ARM
		{135A7B5C-0A46-4088-B6F6-B21EAAE69F08}.AppStore|iPhone.ActiveCfg = Release|x86
		{135A7B5C-0A46-4088-B6F6-B21EAAE69F08}.AppStore|iPhone.Build.0 = Release|x86
		{135A7B5C-0A46-4088-B6F6-B21EAAE69F08}.AppStore|iPhone.Deploy.0 = Release|x86
		{135A7B5C-0A46-4088-B6F6-B21EAAE69F08}.AppStore|iPhoneSimulator.ActiveCfg = Release|x86
		{135A7B5C-0A46-4088-B6F6-B21EAAE69F08}.AppStore|iPhoneSimulator.Build.0 = Release|x86
		{135A7B5C-0A46-4088-B6F6-B21EAAE69F08}.AppStore|iPhoneSimulator.Deploy.0 = Release|x86
		{135A7B5C-0A46-4088-B6F6-B21EAAE69F08}.AppStore|x64.ActiveCfg = Release|x64
		{135A7B5C-0A46-4088-B6F6-B21EAAE69F08}.AppStore|x64.Build.0 = Release|x64
		{135A7B5C-0A46-4088-B6F6-B21EAAE69F08}.AppStore|x64.Deploy.0 = Release|x64
		{135A7B5C-0A46-4088-B6F6-B21EAAE69F08}.AppStore|x86.ActiveCfg = Release|x86
		{135A7B5C-0A46-4088-B6F6-B21EAAE69F08}.AppStore|x86.Build.0 = Release|x86
		{135A7B5C-0A46-4088-B6F6-B21EAAE69F08}.AppStore|x86.Deploy.0 = Release|x86
		{135A7B5C-0A46-4088-B6F6-B21EAAE69F08}.Debug|Any CPU.ActiveCfg = Debug|x86
		{135A7B5C-0A46-4088-B6F6-B21EAAE69F08}.Debug|ARM.ActiveCfg = Debug|ARM
		{135A7B5C-0A46-4088-B6F6-B21EAAE69F08}.Debug|ARM.Build.0 = Debug|ARM
		{135A7B5C-0A46-4088-B6F6-B21EAAE69F08}.Debug|ARM.Deploy.0 = Debug|ARM
		{135A7B5C-0A46-4088-B6F6-B21EAAE69F08}.Debug|iPhone.ActiveCfg = Debug|x86
		{135A7B5C-0A46-4088-B6F6-B21EAAE69F08}.Debug|iPhoneSimulator.ActiveCfg = Debug|x86
		{135A7B5C-0A46-4088-B6F6-B21EAAE69F08}.Debug|x64.ActiveCfg = Debug|x64
		{135A7B5C-0A46-4088-B6F6-B21EAAE69F08}.Debug|x64.Build.0 = Debug|x64
		{135A7B5C-0A46-4088-B6F6-B21EAAE69F08}.Debug|x64.Deploy.0 = Debug|x64
		{135A7B5C-0A46-4088-B6F6-B21EAAE69F08}.Debug|x86.ActiveCfg = Debug|x86
		{135A7B5C-0A46-4088-B6F6-B21EAAE69F08}.Debug|x86.Build.0 = Debug|x86
		{135A7B5C-0A46-4088-B6F6-B21EAAE69F08}.Debug|x86.Deploy.0 = Debug|x86
		{135A7B5C-0A46-4088-B6F6-B21EAAE69F08}.Release|Any CPU.ActiveCfg = Release|x86
		{135A7B5C-0A46-4088-B6F6-B21EAAE69F08}.Release|ARM.ActiveCfg = Release|ARM
		{135A7B5C-0A46-4088-B6F6-B21EAAE69F08}.Release|ARM.Build.0 = Release|ARM
		{135A7B5C-0A46-4088-B6F6-B21EAAE69F08}.Release|ARM.Deploy.0 = Release|ARM
		{135A7B5C-0A46-4088-B6F6-B21EAAE69F08}.Release|iPhone.ActiveCfg = Release|x86
		{135A7B5C-0A46-4088-B6F6-B21EAAE69F08}.Release|iPhoneSimulator.ActiveCfg = Release|x86
		{135A7B5C-0A46-4088-B6F6-B21EAAE69F08}.Release|x64.ActiveCfg = Release|x64
		{135A7B5C-0A46-4088-B6F6-B21EAAE69F08}.Release|x64.Build.0 = Release|x64
		{135A7B5C-0A46-4088-B6F6-B21EAAE69F08}.Release|x64.Deploy.0 = Release|x64
		{135A7B5C-0A46-4088-B6F6-B21EAAE69F08}.Release|x86.ActiveCfg = Release|x86
		{135A7B5C-0A46-4088-B6F6-B21EAAE69F08}.Release|x86.Build.0 = Release|x86
		{135A7B5C-0A46-4088-B6F6-B21EAAE69F08}.Release|x86.Deploy.0 = Release|x86
		{650EA26B-3591-4280-A869-5E5E0A49346F}.Ad-Hoc|Any CPU.ActiveCfg = Release|Any CPU
		{650EA26B-3591-4280-A869-5E5E0A49346F}.Ad-Hoc|Any CPU.Build.0 = Release|Any CPU
		{650EA26B-3591-4280-A869-5E5E0A49346F}.Ad-Hoc|Any CPU.Deploy.0 = Release|Any CPU
		{650EA26B-3591-4280-A869-5E5E0A49346F}.Ad-Hoc|ARM.ActiveCfg = Release|ARM
		{650EA26B-3591-4280-A869-5E5E0A49346F}.Ad-Hoc|ARM.Build.0 = Release|ARM
		{650EA26B-3591-4280-A869-5E5E0A49346F}.Ad-Hoc|ARM.Deploy.0 = Release|ARM
		{650EA26B-3591-4280-A869-5E5E0A49346F}.Ad-Hoc|iPhone.ActiveCfg = Release|Any CPU
		{650EA26B-3591-4280-A869-5E5E0A49346F}.Ad-Hoc|iPhone.Build.0 = Release|Any CPU
		{650EA26B-3591-4280-A869-5E5E0A49346F}.Ad-Hoc|iPhone.Deploy.0 = Release|Any CPU
		{650EA26B-3591-4280-A869-5E5E0A49346F}.Ad-Hoc|iPhoneSimulator.ActiveCfg = Release|Any CPU
		{650EA26B-3591-4280-A869-5E5E0A49346F}.Ad-Hoc|iPhoneSimulator.Build.0 = Release|Any CPU
		{650EA26B-3591-4280-A869-5E5E0A49346F}.Ad-Hoc|iPhoneSimulator.Deploy.0 = Release|Any CPU
		{650EA26B-3591-4280-A869-5E5E0A49346F}.Ad-Hoc|x64.ActiveCfg = Release|x64
		{650EA26B-3591-4280-A869-5E5E0A49346F}.Ad-Hoc|x64.Build.0 = Release|x64
		{650EA26B-3591-4280-A869-5E5E0A49346F}.Ad-Hoc|x64.Deploy.0 = Release|x64
		{650EA26B-3591-4280-A869-5E5E0A49346F}.Ad-Hoc|x86.ActiveCfg = Release|x86
		{650EA26B-3591-4280-A869-5E5E0A49346F}.Ad-Hoc|x86.Build.0 = Release|x86
		{650EA26B-3591-4280-A869-5E5E0A49346F}.Ad-Hoc|x86.Deploy.0 = Release|x86
		{650EA26B-3591-4280-A869-5E5E0A49346F}.AppStore|Any CPU.ActiveCfg = Release|Any CPU
		{650EA26B-3591-4280-A869-5E5E0A49346F}.AppStore|Any CPU.Build.0 = Release|Any CPU
		{650EA26B-3591-4280-A869-5E5E0A49346F}.AppStore|Any CPU.Deploy.0 = Release|Any CPU
		{650EA26B-3591-4280-A869-5E5E0A49346F}.AppStore|ARM.ActiveCfg = Release|ARM
		{650EA26B-3591-4280-A869-5E5E0A49346F}.AppStore|ARM.Build.0 = Release|ARM
		{650EA26B-3591-4280-A869-5E5E0A49346F}.AppStore|ARM.Deploy.0 = Release|ARM
		{650EA26B-3591-4280-A869-5E5E0A49346F}.AppStore|iPhone.ActiveCfg = Release|Any CPU
		{650EA26B-3591-4280-A869-5E5E0A49346F}.AppStore|iPhone.Build.0 = Release|Any CPU
		{650EA26B-3591-4280-A869-5E5E0A49346F}.AppStore|iPhone.Deploy.0 = Release|Any CPU
		{650EA26B-3591-4280-A869-5E5E0A49346F}.AppStore|iPhoneSimulator.ActiveCfg = Release|Any CPU
		{650EA26B-3591-4280-A869-5E5E0A49346F}.AppStore|iPhoneSimulator.Build.0 = Release|Any CPU
		{650EA26B-3591-4280-A869-5E5E0A49346F}.AppStore|iPhoneSimulator.Deploy.0 = Release|Any CPU
		{650EA26B-3591-4280-A869-5E5E0A49346F}.AppStore|x64.ActiveCfg = Release|x64
		{650EA26B-3591-4280-A869-5E5E0A49346F}.AppStore|x64.Build.0 = Release|x64
		{650EA26B-3591-4280-A869-5E5E0A49346F}.AppStore|x64.Deploy.0 = Release|x64
		{650EA26B-3591-4280-A869-5E5E0A49346F}.AppStore|x86.ActiveCfg = Release|x86
		{650EA26B-3591-4280-A869-5E5E0A49346F}.AppStore|x86.Build.0 = Release|x86
		{650EA26B-3591-4280-A869-5E5E0A49346F}.AppStore|x86.Deploy.0 = Release|x86
		{650EA26B-3591-4280-A869-5E5E0A49346F}.Debug|Any CPU.ActiveCfg = Debug|Any CPU
		{650EA26B-3591-4280-A869-5E5E0A49346F}.Debug|Any CPU.Build.0 = Debug|Any CPU
		{650EA26B-3591-4280-A869-5E5E0A49346F}.Debug|Any CPU.Deploy.0 = Debug|Any CPU
		{650EA26B-3591-4280-A869-5E5E0A49346F}.Debug|ARM.ActiveCfg = Debug|ARM
		{650EA26B-3591-4280-A869-5E5E0A49346F}.Debug|ARM.Build.0 = Debug|ARM
		{650EA26B-3591-4280-A869-5E5E0A49346F}.Debug|ARM.Deploy.0 = Debug|ARM
		{650EA26B-3591-4280-A869-5E5E0A49346F}.Debug|iPhone.ActiveCfg = Debug|Any CPU
		{650EA26B-3591-4280-A869-5E5E0A49346F}.Debug|iPhone.Build.0 = Debug|Any CPU
		{650EA26B-3591-4280-A869-5E5E0A49346F}.Debug|iPhone.Deploy.0 = Debug|Any CPU
		{650EA26B-3591-4280-A869-5E5E0A49346F}.Debug|iPhoneSimulator.ActiveCfg = Debug|Any CPU
		{650EA26B-3591-4280-A869-5E5E0A49346F}.Debug|iPhoneSimulator.Build.0 = Debug|Any CPU
		{650EA26B-3591-4280-A869-5E5E0A49346F}.Debug|iPhoneSimulator.Deploy.0 = Debug|Any CPU
		{650EA26B-3591-4280-A869-5E5E0A49346F}.Debug|x64.ActiveCfg = Debug|x64
		{650EA26B-3591-4280-A869-5E5E0A49346F}.Debug|x64.Build.0 = Debug|x64
		{650EA26B-3591-4280-A869-5E5E0A49346F}.Debug|x64.Deploy.0 = Debug|x64
		{650EA26B-3591-4280-A869-5E5E0A49346F}.Debug|x86.ActiveCfg = Debug|x86
		{650EA26B-3591-4280-A869-5E5E0A49346F}.Debug|x86.Build.0 = Debug|x86
		{650EA26B-3591-4280-A869-5E5E0A49346F}.Debug|x86.Deploy.0 = Debug|x86
		{650EA26B-3591-4280-A869-5E5E0A49346F}.Release|Any CPU.ActiveCfg = Release|Any CPU
		{650EA26B-3591-4280-A869-5E5E0A49346F}.Release|Any CPU.Build.0 = Release|Any CPU
		{650EA26B-3591-4280-A869-5E5E0A49346F}.Release|Any CPU.Deploy.0 = Release|Any CPU
		{650EA26B-3591-4280-A869-5E5E0A49346F}.Release|ARM.ActiveCfg = Release|ARM
		{650EA26B-3591-4280-A869-5E5E0A49346F}.Release|ARM.Build.0 = Release|ARM
		{650EA26B-3591-4280-A869-5E5E0A49346F}.Release|ARM.Deploy.0 = Release|ARM
		{650EA26B-3591-4280-A869-5E5E0A49346F}.Release|iPhone.ActiveCfg = Release|Any CPU
		{650EA26B-3591-4280-A869-5E5E0A49346F}.Release|iPhone.Build.0 = Release|Any CPU
		{650EA26B-3591-4280-A869-5E5E0A49346F}.Release|iPhone.Deploy.0 = Release|Any CPU
		{650EA26B-3591-4280-A869-5E5E0A49346F}.Release|iPhoneSimulator.ActiveCfg = Release|Any CPU
		{650EA26B-3591-4280-A869-5E5E0A49346F}.Release|iPhoneSimulator.Build.0 = Release|Any CPU
		{650EA26B-3591-4280-A869-5E5E0A49346F}.Release|iPhoneSimulator.Deploy.0 = Release|Any CPU
		{650EA26B-3591-4280-A869-5E5E0A49346F}.Release|x64.ActiveCfg = Release|x64
		{650EA26B-3591-4280-A869-5E5E0A49346F}.Release|x64.Build.0 = Release|x64
		{650EA26B-3591-4280-A869-5E5E0A49346F}.Release|x64.Deploy.0 = Release|x64
		{650EA26B-3591-4280-A869-5E5E0A49346F}.Release|x86.ActiveCfg = Release|x86
		{650EA26B-3591-4280-A869-5E5E0A49346F}.Release|x86.Build.0 = Release|x86
		{650EA26B-3591-4280-A869-5E5E0A49346F}.Release|x86.Deploy.0 = Release|x86
	EndGlobalSection
	GlobalSection(SolutionProperties) = preSolution
		HideSolutionNode = FALSE
	EndGlobalSection
EndGlobal
